
Microsoft Visual Studio Solution File, Format Version 12.00
Project("{FAE04EC0-301F-11D3-BF4B-00C04F79EFBC}") = "SampleTestApp", "SampleTestApp\SampleTestApp.csproj", "{298D6985-6C44-47F4-8B4C-6114C6358062}"
EndProject
Global
	GlobalSection(SolutionConfigurationPlatforms) = preSolution
		Debug|Any CPU = Debug|Any CPU
		Release|Any CPU = Release|Any CPU
	EndGlobalSection
	GlobalSection(ProjectConfigurationPlatforms) = postSolution
		{298D6985-6C44-47F4-8B4C-6114C6358062}.Debug|Any CPU.ActiveCfg = Debug|Any CPU
		{298D6985-6C44-47F4-8B4C-6114C6358062}.Debug|Any CPU.Build.0 = Debug|Any CPU
		{298D6985-6C44-47F4-8B4C-6114C6358062}.Release|Any CPU.ActiveCfg = Release|Any CPU
		{298D6985-6C44-47F4-8B4C-6114C6358062}.Release|Any CPU.Build.0 = Release|Any CPU
	EndGlobalSection
EndGlobal
