
Microsoft Visual Studio Solution File, Format Version 12.00
Project("{FAE04EC0-301F-11D3-BF4B-00C04F79EFBC}") = "SampleTestApp.Desktop", "Platforms\SampleTestApp.Desktop\SampleTestApp.Desktop.csproj", "{768307FC-5C76-4AAB-B315-FEB2419F85C0}"
EndProject
Project("{FAE04EC0-301F-11D3-BF4B-00C04F79EFBC}") = "SampleTestApp.Browser", "Platforms\SampleTestApp.Browser\SampleTestApp.Browser.csproj", "{A8F7B79E-2E4D-448D-9BCF-FB2471780686}"
EndProject
Project("{2150E333-8FDC-42A3-9474-1A3956D46DE8}") = "Platforms", "Platforms", "{8293255B-E39B-41D5-9077-889145DFDDE7}"
EndProject
Project("{FAE04EC0-301F-11D3-BF4B-00C04F79EFBC}") = "SampleTestApp.Core", "SampleTestApp.Core\SampleTestApp.Core.csproj", "{139A9C67-A043-4F60-B773-6C57A695974E}"
EndProject
Global
	GlobalSection(SolutionConfigurationPlatforms) = preSolution
		Debug|Any CPU = Debug|Any CPU
		Release|Any CPU = Release|Any CPU
	EndGlobalSection
	GlobalSection(ProjectConfigurationPlatforms) = postSolution
		{768307FC-5C76-4AAB-B315-FEB2419F85C0}.Debug|Any CPU.ActiveCfg = Debug|Any CPU
		{768307FC-5C76-4AAB-B315-FEB2419F85C0}.Debug|Any CPU.Build.0 = Debug|Any CPU
		{768307FC-5C76-4AAB-B315-FEB2419F85C0}.Release|Any CPU.ActiveCfg = Release|Any CPU
		{768307FC-5C76-4AAB-B315-FEB2419F85C0}.Release|Any CPU.Build.0 = Release|Any CPU
		{A8F7B79E-2E4D-448D-9BCF-FB2471780686}.Debug|Any CPU.ActiveCfg = Debug|Any CPU
		{A8F7B79E-2E4D-448D-9BCF-FB2471780686}.Debug|Any CPU.Build.0 = Debug|Any CPU
		{A8F7B79E-2E4D-448D-9BCF-FB2471780686}.Release|Any CPU.ActiveCfg = Release|Any CPU
		{A8F7B79E-2E4D-448D-9BCF-FB2471780686}.Release|Any CPU.Build.0 = Release|Any CPU
		{139A9C67-A043-4F60-B773-6C57A695974E}.Debug|Any CPU.ActiveCfg = Debug|Any CPU
		{139A9C67-A043-4F60-B773-6C57A695974E}.Debug|Any CPU.Build.0 = Debug|Any CPU
		{139A9C67-A043-4F60-B773-6C57A695974E}.Release|Any CPU.ActiveCfg = Release|Any CPU
		{139A9C67-A043-4F60-B773-6C57A695974E}.Release|Any CPU.Build.0 = Release|Any CPU
	EndGlobalSection
	GlobalSection(NestedProjects) = preSolution
		{768307FC-5C76-4AAB-B315-FEB2419F85C0} = {8293255B-E39B-41D5-9077-889145DFDDE7}
		{A8F7B79E-2E4D-448D-9BCF-FB2471780686} = {8293255B-E39B-41D5-9077-889145DFDDE7}
	EndGlobalSection
EndGlobal
